
Microsoft Visual Studio Solution File, Format Version 12.00
# Visual Studio Version 17
VisualStudioVersion = 17.14.36301.6 d17.14
MinimumVisualStudioVersion = 10.0.40219.1
Project("{FAE04EC0-301F-11D3-BF4B-00C04F79EFBC}") = "LibraryApi", "LibraryApi\LibraryApi.csproj", "{9A199D78-7414-45D8-9445-DD040691025B}"
EndProject
Global
	GlobalSection(SolutionConfigurationPlatforms) = preSolution
		Debug|Any CPU = Debug|Any CPU
		Release|Any CPU = Release|Any CPU
	EndGlobalSection
	GlobalSection(ProjectConfigurationPlatforms) = postSolution
		{9A199D78-7414-45D8-9445-DD040691025B}.Debug|Any CPU.ActiveCfg = Debug|Any CPU
		{9A199D78-7414-45D8-9445-DD040691025B}.Debug|Any CPU.Build.0 = Debug|Any CPU
		{9A199D78-7414-45D8-9445-DD040691025B}.Release|Any CPU.ActiveCfg = Release|Any CPU
		{9A199D78-7414-45D8-9445-DD040691025B}.Release|Any CPU.Build.0 = Release|Any CPU
	EndGlobalSection
	GlobalSection(SolutionProperties) = preSolution
		HideSolutionNode = FALSE
	EndGlobalSection
	GlobalSection(ExtensibilityGlobals) = postSolution
		SolutionGuid = {062B823E-1DA4-4E58-8EFC-2AF5AB7BC719}
	EndGlobalSection
EndGlobal
